{
  "version": 4,
  "terraform_version": "1.0.3",
  "serial": 34,
  "lineage": "30d20707-74e0-1430-b266-f59c869a3405",
  "outputs": {},
  "resources": [
    {
      "module": "module.vpc",
      "mode": "managed",
      "type": "aws_instance",
      "name": "webservers",
      "provider": "provider[\"registry.terraform.io/hashicorp/aws\"]",
      "instances": [
        {
          "index_key": 0,
          "schema_version": 1,
          "attributes": {
            "ami": "ami-03ac5a9b225e99b02",
            "arn": "arn:aws:ec2:eu-west-2:243218137774:instance/i-0023b697b018c725d",
            "associate_public_ip_address": true,
            "availability_zone": "eu-west-2a",
            "capacity_reservation_specification": [
              {
                "capacity_reservation_preference": "open",
                "capacity_reservation_target": []
              }
            ],
            "cpu_core_count": 1,
            "cpu_threads_per_core": 1,
            "credit_specification": [
              {
                "cpu_credits": "standard"
              }
            ],
            "disable_api_termination": false,
            "ebs_block_device": [],
            "ebs_optimized": false,
            "enclave_options": [
              {
                "enabled": false
              }
            ],
            "ephemeral_block_device": [],
            "get_password_data": false,
            "hibernation": false,
            "host_id": null,
            "iam_instance_profile": "",
            "id": "i-0023b697b018c725d",
            "instance_initiated_shutdown_behavior": "stop",
            "instance_state": "running",
            "instance_type": "t2.micro",
            "ipv6_address_count": 0,
            "ipv6_addresses": [],
            "key_name": "servers",
            "launch_template": [],
            "metadata_options": [
              {
                "http_endpoint": "enabled",
                "http_put_response_hop_limit": 1,
                "http_tokens": "optional"
              }
            ],
            "monitoring": false,
            "network_interface": [],
            "outpost_arn": "",
            "password_data": "",
            "placement_group": "",
            "primary_network_interface_id": "eni-04da13dd8f8078aa1",
            "private_dns": "ip-10-0-0-14.eu-west-2.compute.internal",
            "private_ip": "10.0.0.14",
            "public_dns": "ec2-18-170-31-176.eu-west-2.compute.amazonaws.com",
            "public_ip": "18.170.31.176",
            "root_block_device": [
              {
                "delete_on_termination": true,
                "device_name": "/dev/xvda",
                "encrypted": false,
                "iops": 100,
                "kms_key_id": "",
                "tags": {},
                "throughput": 0,
                "volume_id": "vol-0fe9a36256ce66061",
                "volume_size": 8,
                "volume_type": "gp2"
              }
            ],
            "secondary_private_ips": [],
            "security_groups": [
              "sg-050ade302d8b78c40"
            ],
            "source_dest_check": true,
            "subnet_id": "subnet-0983d523df7653a59",
            "tags": {
              "Name": "james-prod-web-01"
            },
            "tags_all": {
              "Name": "james-prod-web-01"
            },
            "tenancy": "default",
            "timeouts": null,
            "user_data": "12e816e6f120a510d398fe709d2b45b601a5c673",
            "user_data_base64": null,
            "volume_tags": null,
            "vpc_security_group_ids": [
              "sg-050ade302d8b78c40"
            ]
          },
          "sensitive_attributes": [],
          "private": "eyJlMmJmYjczMC1lY2FhLTExZTYtOGY4OC0zNDM2M2JjN2M0YzAiOnsiY3JlYXRlIjo2MDAwMDAwMDAwMDAsImRlbGV0ZSI6MTIwMDAwMDAwMDAwMCwidXBkYXRlIjo2MDAwMDAwMDAwMDB9LCJzY2hlbWFfdmVyc2lvbiI6IjEifQ==",
          "dependencies": [
            "module.vpc.aws_key_pair.servers",
            "module.vpc.aws_security_group.webservers",
            "module.vpc.aws_subnet.public"
          ]
        },
        {
          "index_key": 1,
          "schema_version": 1,
          "attributes": {
            "ami": "ami-03ac5a9b225e99b02",
            "arn": "arn:aws:ec2:eu-west-2:243218137774:instance/i-0e6f9fce76bec8cfc",
            "associate_public_ip_address": true,
            "availability_zone": "eu-west-2b",
            "capacity_reservation_specification": [
              {
                "capacity_reservation_preference": "open",
                "capacity_reservation_target": []
              }
            ],
            "cpu_core_count": 1,
            "cpu_threads_per_core": 1,
            "credit_specification": [
              {
                "cpu_credits": "standard"
              }
            ],
            "disable_api_termination": false,
            "ebs_block_device": [],
            "ebs_optimized": false,
            "enclave_options": [
              {
                "enabled": false
              }
            ],
            "ephemeral_block_device": [],
            "get_password_data": false,
            "hibernation": false,
            "host_id": null,
            "iam_instance_profile": "",
            "id": "i-0e6f9fce76bec8cfc",
            "instance_initiated_shutdown_behavior": "stop",
            "instance_state": "running",
            "instance_type": "t2.micro",
            "ipv6_address_count": 0,
            "ipv6_addresses": [],
            "key_name": "servers",
            "launch_template": [],
            "metadata_options": [
              {
                "http_endpoint": "enabled",
                "http_put_response_hop_limit": 1,
                "http_tokens": "optional"
              }
            ],
            "monitoring": false,
            "network_interface": [],
            "outpost_arn": "",
            "password_data": "",
            "placement_group": "",
            "primary_network_interface_id": "eni-0f8afe1cde5f4174a",
            "private_dns": "ip-10-0-208-13.eu-west-2.compute.internal",
            "private_ip": "10.0.208.13",
            "public_dns": "ec2-18-133-248-16.eu-west-2.compute.amazonaws.com",
            "public_ip": "18.133.248.16",
            "root_block_device": [
              {
                "delete_on_termination": true,
                "device_name": "/dev/xvda",
                "encrypted": false,
                "iops": 100,
                "kms_key_id": "",
                "tags": {},
                "throughput": 0,
                "volume_id": "vol-092083c487d5b7eb3",
                "volume_size": 8,
                "volume_type": "gp2"
              }
            ],
            "secondary_private_ips": [],
            "security_groups": [
              "sg-050ade302d8b78c40"
            ],
            "source_dest_check": true,
            "subnet_id": "subnet-0d5b750db169ce234",
            "tags": {
              "Name": "james-prod-web-02"
            },
            "tags_all": {
              "Name": "james-prod-web-02"
            },
            "tenancy": "default",
            "timeouts": null,
            "user_data": "12e816e6f120a510d398fe709d2b45b601a5c673",
            "user_data_base64": null,
            "volume_tags": null,
            "vpc_security_group_ids": [
              "sg-050ade302d8b78c40"
            ]
          },
          "sensitive_attributes": [],
          "private": "eyJlMmJmYjczMC1lY2FhLTExZTYtOGY4OC0zNDM2M2JjN2M0YzAiOnsiY3JlYXRlIjo2MDAwMDAwMDAwMDAsImRlbGV0ZSI6MTIwMDAwMDAwMDAwMCwidXBkYXRlIjo2MDAwMDAwMDAwMDB9LCJzY2hlbWFfdmVyc2lvbiI6IjEifQ==",
          "dependencies": [
            "module.vpc.aws_key_pair.servers",
            "module.vpc.aws_security_group.webservers",
            "module.vpc.aws_subnet.public"
          ]
        },
        {
          "index_key": 2,
          "schema_version": 1,
          "attributes": {
            "ami": "ami-03ac5a9b225e99b02",
            "arn": "arn:aws:ec2:eu-west-2:243218137774:instance/i-083ae35b4f8a2af98",
            "associate_public_ip_address": true,
            "availability_zone": "eu-west-2c",
            "capacity_reservation_specification": [
              {
                "capacity_reservation_preference": "open",
                "capacity_reservation_target": []
              }
            ],
            "cpu_core_count": 1,
            "cpu_threads_per_core": 1,
            "credit_specification": [
              {
                "cpu_credits": "standard"
              }
            ],
            "disable_api_termination": false,
            "ebs_block_device": [],
            "ebs_optimized": false,
            "enclave_options": [
              {
                "enabled": false
              }
            ],
            "ephemeral_block_device": [],
            "get_password_data": false,
            "hibernation": false,
            "host_id": null,
            "iam_instance_profile": "",
            "id": "i-083ae35b4f8a2af98",
            "instance_initiated_shutdown_behavior": "stop",
            "instance_state": "running",
            "instance_type": "t2.micro",
            "ipv6_address_count": 0,
            "ipv6_addresses": [],
            "key_name": "servers",
            "launch_template": [],
            "metadata_options": [
              {
                "http_endpoint": "enabled",
                "http_put_response_hop_limit": 1,
                "http_tokens": "optional"
              }
            ],
            "monitoring": false,
            "network_interface": [],
            "outpost_arn": "",
            "password_data": "",
            "placement_group": "",
            "primary_network_interface_id": "eni-0bb5ac1a5daa17880",
            "private_dns": "ip-10-0-244-10.eu-west-2.compute.internal",
            "private_ip": "10.0.244.10",
            "public_dns": "ec2-18-170-0-63.eu-west-2.compute.amazonaws.com",
            "public_ip": "18.170.0.63",
            "root_block_device": [
              {
                "delete_on_termination": true,
                "device_name": "/dev/xvda",
                "encrypted": false,
                "iops": 100,
                "kms_key_id": "",
                "tags": {},
                "throughput": 0,
                "volume_id": "vol-04f06dc2aae8a48f6",
                "volume_size": 8,
                "volume_type": "gp2"
              }
            ],
            "secondary_private_ips": [],
            "security_groups": [
              "sg-050ade302d8b78c40"
            ],
            "source_dest_check": true,
            "subnet_id": "subnet-026417c9f13b6ff3d",
            "tags": {
              "Name": "james-prod-web-03"
            },
            "tags_all": {
              "Name": "james-prod-web-03"
            },
            "tenancy": "default",
            "timeouts": null,
            "user_data": "12e816e6f120a510d398fe709d2b45b601a5c673",
            "user_data_base64": null,
            "volume_tags": null,
            "vpc_security_group_ids": [
              "sg-050ade302d8b78c40"
            ]
          },
          "sensitive_attributes": [],
          "private": "eyJlMmJmYjczMC1lY2FhLTExZTYtOGY4OC0zNDM2M2JjN2M0YzAiOnsiY3JlYXRlIjo2MDAwMDAwMDAwMDAsImRlbGV0ZSI6MTIwMDAwMDAwMDAwMCwidXBkYXRlIjo2MDAwMDAwMDAwMDB9LCJzY2hlbWFfdmVyc2lvbiI6IjEifQ==",
          "dependencies": [
            "module.vpc.aws_key_pair.servers",
            "module.vpc.aws_security_group.webservers",
            "module.vpc.aws_subnet.public"
          ]
        }
      ]
    },
    {
      "module": "module.vpc",
      "mode": "managed",
      "type": "aws_internet_gateway",
      "name": "james-igw",
      "provider": "provider[\"registry.terraform.io/hashicorp/aws\"]",
      "instances": [
        {
          "schema_version": 0,
          "attributes": {
            "arn": "arn:aws:ec2:eu-west-2:243218137774:internet-gateway/igw-020e6a2d6b34c071c",
            "id": "igw-020e6a2d6b34c071c",
            "owner_id": "243218137774",
            "tags": {
              "Name": "james-prod-igw"
            },
            "tags_all": {
              "Name": "james-prod-igw"
            },
            "vpc_id": "vpc-0843ae4fac1c75319"
          },
          "sensitive_attributes": [],
          "private": "bnVsbA==",
          "dependencies": [
            "module.vpc.aws_vpc.james-prod-vpc"
          ]
        }
      ]
    },
    {
      "module": "module.vpc",
      "mode": "managed",
      "type": "aws_key_pair",
      "name": "servers",
      "provider": "provider[\"registry.terraform.io/hashicorp/aws\"]",
      "instances": [
        {
          "schema_version": 1,
          "attributes": {
            "arn": "arn:aws:ec2:eu-west-2:243218137774:key-pair/servers",
            "fingerprint": "0f:0f:cb:e9:45:a9:b0:c6:22:8b:99:ac:96:ab:99:15",
            "id": "servers",
            "key_name": "servers",
            "key_name_prefix": null,
            "key_pair_id": "key-0ecee135b3274753e",
            "public_key": "ssh-rsa AAAAB3NzaC1yc2EAAAADAQABAAACAQDMF5E4mJ4S9maNQK5msm8GBoqHbWvYvSLirwkZrzEIOL1u77s0WStJ/cjddEe3aSJsC+jAuPkgmPORcPqGnB7g5ZZD+iAanwiAJVKEhj8VM1lze6+Z5tVKNRdFlssrV4Q0Xm2RiY2A4RudKCyjH3zVe7AbJYjHNh7Uk2HoKsm4tVKkB9QiOjeEeK5bn1mcYqbKlMdqlp9WUI95bDODwrYF61FoAenBbltrXa3b6/BPX55Pqh+lXbmVuwgH3EvfjaY0XuGzk1qkrDXiyOYFF02RT3MoHzqAdA0wno6ju62kZ4GxKlVTCcKhG6cSbOld+PAzMh5QDap441kMw4Idrjumb6r+NNurZW0zaz4KJX2PpMfftYqYLLfXTeMrot8559m0VKHEHp2A34EdVGOGEmqCqdbmzQ+BJ6H2LNZxaLy/Aoy3BxSMsIggJJquY5QjniHcmlGONcooVsaj+9aaJXRAuUArT54IdKyQp8aK1eK9U+77khUr+1ly43k4IqoR4WJ3RJuYr3OoCzYxTA86UPOr0UFejxxIixptakRBGiOivz/Qll/p6VW45KVCLtg6d4ad1ann3RQ9bY/K/7L0Yz5B/rX1eSnsGynQtP0nxV4QWCrTyhWsDNni2A+FsOk/upXV+YnWGN9POngiWLlfCwoH+Z6Yy69NpJH1pYJVIS8FDQ==",
            "tags": {},
            "tags_all": {}
          },
          "sensitive_attributes": [],
          "private": "eyJzY2hlbWFfdmVyc2lvbiI6IjEifQ==",
          "dependencies": [
            "module.vpc.tls_private_key.web-prod"
          ]
        }
      ]
    },
    {
      "module": "module.vpc",
      "mode": "managed",
      "type": "aws_lb",
      "name": "james-prod-web",
      "provider": "provider[\"registry.terraform.io/hashicorp/aws\"]",
      "instances": [
        {
          "schema_version": 0,
          "attributes": {
            "access_logs": [
              {
                "bucket": "",
                "enabled": false,
                "prefix": ""
              }
            ],
            "arn": "arn:aws:elasticloadbalancing:eu-west-2:243218137774:loadbalancer/app/james-prod-web-elb/e25f87abbab58670",
            "arn_suffix": "app/james-prod-web-elb/e25f87abbab58670",
            "customer_owned_ipv4_pool": "",
            "dns_name": "james-prod-web-elb-1721361273.eu-west-2.elb.amazonaws.com",
            "drop_invalid_header_fields": false,
            "enable_cross_zone_load_balancing": null,
            "enable_deletion_protection": true,
            "enable_http2": true,
            "id": "arn:aws:elasticloadbalancing:eu-west-2:243218137774:loadbalancer/app/james-prod-web-elb/e25f87abbab58670",
            "idle_timeout": 60,
            "internal": false,
            "ip_address_type": "ipv4",
            "load_balancer_type": "application",
            "name": "james-prod-web-elb",
            "name_prefix": null,
            "security_groups": [
              "sg-050ade302d8b78c40"
            ],
            "subnet_mapping": [
              {
                "allocation_id": "",
                "ipv6_address": "",
                "outpost_id": "",
                "private_ipv4_address": "",
                "subnet_id": "subnet-026417c9f13b6ff3d"
              },
              {
                "allocation_id": "",
                "ipv6_address": "",
                "outpost_id": "",
                "private_ipv4_address": "",
                "subnet_id": "subnet-0983d523df7653a59"
              },
              {
                "allocation_id": "",
                "ipv6_address": "",
                "outpost_id": "",
                "private_ipv4_address": "",
                "subnet_id": "subnet-0d5b750db169ce234"
              }
            ],
            "subnets": [
              "subnet-026417c9f13b6ff3d",
              "subnet-0983d523df7653a59",
              "subnet-0d5b750db169ce234"
            ],
            "tags": {
              "Environment": "production"
            },
            "tags_all": {
              "Environment": "production"
            },
            "timeouts": null,
            "vpc_id": "vpc-0843ae4fac1c75319",
            "zone_id": "ZHURV8PSTC4K8"
          },
          "sensitive_attributes": [],
          "private": "eyJlMmJmYjczMC1lY2FhLTExZTYtOGY4OC0zNDM2M2JjN2M0YzAiOnsiY3JlYXRlIjo2MDAwMDAwMDAwMDAsImRlbGV0ZSI6NjAwMDAwMDAwMDAwLCJ1cGRhdGUiOjYwMDAwMDAwMDAwMH19",
          "dependencies": [
            "module.vpc.aws_security_group.webservers",
            "module.vpc.aws_subnet.public"
          ]
        }
      ]
    },
    {
      "module": "module.vpc",
      "mode": "managed",
      "type": "aws_main_route_table_association",
      "name": "james-prod-rtbl",
      "provider": "provider[\"registry.terraform.io/hashicorp/aws\"]",
      "instances": [
        {
          "schema_version": 0,
          "attributes": {
            "id": "rtbassoc-0509076e0d008d45d",
            "original_route_table_id": "rtb-05ac905cabc109ede",
            "route_table_id": "rtb-05a151244cd18b4cb",
            "vpc_id": "vpc-0843ae4fac1c75319"
          },
          "sensitive_attributes": [],
          "private": "bnVsbA==",
          "dependencies": [
            "module.vpc.aws_internet_gateway.james-igw",
            "module.vpc.aws_route_table.prod",
            "module.vpc.aws_vpc.james-prod-vpc"
          ]
        }
      ]
    },
    {
      "module": "module.vpc",
      "mode": "managed",
      "type": "aws_route_table",
      "name": "prod",
      "provider": "provider[\"registry.terraform.io/hashicorp/aws\"]",
      "instances": [
        {
          "schema_version": 0,
          "attributes": {
            "arn": "arn:aws:ec2:eu-west-2:243218137774:route-table/rtb-05a151244cd18b4cb",
            "id": "rtb-05a151244cd18b4cb",
            "owner_id": "243218137774",
            "propagating_vgws": [],
            "route": [
              {
                "carrier_gateway_id": "",
                "cidr_block": "0.0.0.0/0",
                "destination_prefix_list_id": "",
                "egress_only_gateway_id": "",
                "gateway_id": "igw-020e6a2d6b34c071c",
                "instance_id": "",
                "ipv6_cidr_block": "",
                "local_gateway_id": "",
                "nat_gateway_id": "",
                "network_interface_id": "",
                "transit_gateway_id": "",
                "vpc_endpoint_id": "",
                "vpc_peering_connection_id": ""
              }
            ],
            "tags": {
              "Name": "james-prod-web-pub-rtbl"
            },
            "tags_all": {
              "Name": "james-prod-web-pub-rtbl"
            },
            "vpc_id": "vpc-0843ae4fac1c75319"
          },
          "sensitive_attributes": [],
          "private": "bnVsbA==",
          "dependencies": [
            "module.vpc.aws_vpc.james-prod-vpc",
            "module.vpc.aws_internet_gateway.james-igw"
          ]
        }
      ]
    },
    {
      "module": "module.vpc",
      "mode": "managed",
      "type": "aws_route_table_association",
      "name": "james-prod-pub",
      "provider": "provider[\"registry.terraform.io/hashicorp/aws\"]",
      "instances": [
        {
          "index_key": 0,
          "schema_version": 0,
          "attributes": {
            "gateway_id": "",
            "id": "rtbassoc-08d9c4ae3662e63f6",
            "route_table_id": "rtb-05a151244cd18b4cb",
            "subnet_id": "subnet-0983d523df7653a59"
          },
          "sensitive_attributes": [],
          "private": "bnVsbA==",
          "dependencies": [
            "module.vpc.aws_route_table.prod",
            "module.vpc.aws_subnet.public",
            "module.vpc.aws_vpc.james-prod-vpc",
            "module.vpc.aws_internet_gateway.james-igw"
          ]
        },
        {
          "index_key": 1,
          "schema_version": 0,
          "attributes": {
            "gateway_id": "",
            "id": "rtbassoc-07da8f407211fa37a",
            "route_table_id": "rtb-05a151244cd18b4cb",
            "subnet_id": "subnet-0d5b750db169ce234"
          },
          "sensitive_attributes": [],
          "private": "bnVsbA==",
          "dependencies": [
            "module.vpc.aws_subnet.public",
            "module.vpc.aws_vpc.james-prod-vpc",
            "module.vpc.aws_internet_gateway.james-igw",
            "module.vpc.aws_route_table.prod"
          ]
        },
        {
          "index_key": 2,
          "schema_version": 0,
          "attributes": {
            "gateway_id": "",
            "id": "rtbassoc-04be56870d45adb3b",
            "route_table_id": "rtb-05a151244cd18b4cb",
            "subnet_id": "subnet-026417c9f13b6ff3d"
          },
          "sensitive_attributes": [],
          "private": "bnVsbA==",
          "dependencies": [
            "module.vpc.aws_vpc.james-prod-vpc",
            "module.vpc.aws_internet_gateway.james-igw",
            "module.vpc.aws_route_table.prod",
            "module.vpc.aws_subnet.public"
          ]
        }
      ]
    },
    {
      "module": "module.vpc",
      "mode": "managed",
      "type": "aws_security_group",
      "name": "webservers",
      "provider": "provider[\"registry.terraform.io/hashicorp/aws\"]",
      "instances": [
        {
          "schema_version": 1,
          "attributes": {
            "arn": "arn:aws:ec2:eu-west-2:243218137774:security-group/sg-050ade302d8b78c40",
            "description": "allow web inbound traffic",
            "egress": [
              {
                "cidr_blocks": [
                  "0.0.0.0/0"
                ],
                "description": "",
                "from_port": 0,
                "ipv6_cidr_blocks": [],
                "prefix_list_ids": [],
                "protocol": "-1",
                "security_groups": [],
                "self": false,
                "to_port": 0
              }
            ],
            "id": "sg-050ade302d8b78c40",
            "ingress": [
              {
                "cidr_blocks": [
                  "0.0.0.0/0"
                ],
                "description": "",
                "from_port": 22,
                "ipv6_cidr_blocks": [],
                "prefix_list_ids": [],
                "protocol": "tcp",
                "security_groups": [],
                "self": false,
                "to_port": 22
              },
              {
                "cidr_blocks": [
                  "0.0.0.0/0"
                ],
                "description": "",
                "from_port": 443,
                "ipv6_cidr_blocks": [],
                "prefix_list_ids": [],
                "protocol": "tcp",
                "security_groups": [],
                "self": false,
                "to_port": 443
              },
              {
                "cidr_blocks": [
                  "0.0.0.0/0"
                ],
                "description": "",
                "from_port": 80,
                "ipv6_cidr_blocks": [],
                "prefix_list_ids": [],
                "protocol": "tcp",
                "security_groups": [],
                "self": false,
                "to_port": 80
              }
            ],
            "name": "james-prod-web-sg",
            "name_prefix": "",
            "owner_id": "243218137774",
            "revoke_rules_on_delete": false,
            "tags": {
              "Name": "james-prod-web-sg"
            },
            "tags_all": {
              "Name": "james-prod-web-sg"
            },
            "timeouts": null,
            "vpc_id": "vpc-0843ae4fac1c75319"
          },
          "sensitive_attributes": [],
          "private": "eyJlMmJmYjczMC1lY2FhLTExZTYtOGY4OC0zNDM2M2JjN2M0YzAiOnsiY3JlYXRlIjo2MDAwMDAwMDAwMDAsImRlbGV0ZSI6OTAwMDAwMDAwMDAwfSwic2NoZW1hX3ZlcnNpb24iOiIxIn0=",
          "dependencies": [
            "module.vpc.aws_vpc.james-prod-vpc"
          ]
        }
      ]
    },
    {
      "module": "module.vpc",
      "mode": "managed",
      "type": "aws_subnet",
      "name": "public",
      "provider": "provider[\"registry.terraform.io/hashicorp/aws\"]",
      "instances": [
        {
          "index_key": 0,
          "schema_version": 1,
          "attributes": {
            "arn": "arn:aws:ec2:eu-west-2:243218137774:subnet/subnet-0983d523df7653a59",
            "assign_ipv6_address_on_creation": false,
            "availability_zone": "eu-west-2a",
            "availability_zone_id": "euw2-az2",
            "cidr_block": "10.0.0.0/28",
            "customer_owned_ipv4_pool": "",
            "id": "subnet-0983d523df7653a59",
            "ipv6_cidr_block": "",
            "ipv6_cidr_block_association_id": "",
            "map_customer_owned_ip_on_launch": false,
            "map_public_ip_on_launch": true,
            "outpost_arn": "",
            "owner_id": "243218137774",
            "tags": {
              "Name": "james-prod-web-pub-subnet-a"
            },
            "tags_all": {
              "Name": "james-prod-web-pub-subnet-a"
            },
            "timeouts": null,
            "vpc_id": "vpc-0843ae4fac1c75319"
          },
          "sensitive_attributes": [],
          "private": "eyJlMmJmYjczMC1lY2FhLTExZTYtOGY4OC0zNDM2M2JjN2M0YzAiOnsiY3JlYXRlIjo2MDAwMDAwMDAwMDAsImRlbGV0ZSI6MTIwMDAwMDAwMDAwMH0sInNjaGVtYV92ZXJzaW9uIjoiMSJ9",
          "dependencies": [
            "module.vpc.aws_vpc.james-prod-vpc"
          ]
        },
        {
          "index_key": 1,
          "schema_version": 1,
          "attributes": {
            "arn": "arn:aws:ec2:eu-west-2:243218137774:subnet/subnet-0d5b750db169ce234",
            "assign_ipv6_address_on_creation": false,
            "availability_zone": "eu-west-2b",
            "availability_zone_id": "euw2-az3",
            "cidr_block": "10.0.208.0/28",
            "customer_owned_ipv4_pool": "",
            "id": "subnet-0d5b750db169ce234",
            "ipv6_cidr_block": "",
            "ipv6_cidr_block_association_id": "",
            "map_customer_owned_ip_on_launch": false,
            "map_public_ip_on_launch": true,
            "outpost_arn": "",
            "owner_id": "243218137774",
            "tags": {
              "Name": "james-prod-web-pub-subnet-b"
            },
            "tags_all": {
              "Name": "james-prod-web-pub-subnet-b"
            },
            "timeouts": null,
            "vpc_id": "vpc-0843ae4fac1c75319"
          },
          "sensitive_attributes": [],
          "private": "eyJlMmJmYjczMC1lY2FhLTExZTYtOGY4OC0zNDM2M2JjN2M0YzAiOnsiY3JlYXRlIjo2MDAwMDAwMDAwMDAsImRlbGV0ZSI6MTIwMDAwMDAwMDAwMH0sInNjaGVtYV92ZXJzaW9uIjoiMSJ9",
          "dependencies": [
            "module.vpc.aws_vpc.james-prod-vpc"
          ]
        },
        {
          "index_key": 2,
          "schema_version": 1,
          "attributes": {
            "arn": "arn:aws:ec2:eu-west-2:243218137774:subnet/subnet-026417c9f13b6ff3d",
            "assign_ipv6_address_on_creation": false,
            "availability_zone": "eu-west-2c",
            "availability_zone_id": "euw2-az1",
            "cidr_block": "10.0.244.0/28",
            "customer_owned_ipv4_pool": "",
            "id": "subnet-026417c9f13b6ff3d",
            "ipv6_cidr_block": "",
            "ipv6_cidr_block_association_id": "",
            "map_customer_owned_ip_on_launch": false,
            "map_public_ip_on_launch": true,
            "outpost_arn": "",
            "owner_id": "243218137774",
            "tags": {
              "Name": "james-prod-web-pub-subnet-c"
            },
            "tags_all": {
              "Name": "james-prod-web-pub-subnet-c"
            },
            "timeouts": null,
            "vpc_id": "vpc-0843ae4fac1c75319"
          },
          "sensitive_attributes": [],
          "private": "eyJlMmJmYjczMC1lY2FhLTExZTYtOGY4OC0zNDM2M2JjN2M0YzAiOnsiY3JlYXRlIjo2MDAwMDAwMDAwMDAsImRlbGV0ZSI6MTIwMDAwMDAwMDAwMH0sInNjaGVtYV92ZXJzaW9uIjoiMSJ9",
          "dependencies": [
            "module.vpc.aws_vpc.james-prod-vpc"
          ]
        }
      ]
    },
    {
      "module": "module.vpc",
      "mode": "managed",
      "type": "aws_vpc",
      "name": "james-prod-vpc",
      "provider": "provider[\"registry.terraform.io/hashicorp/aws\"]",
      "instances": [
        {
          "schema_version": 1,
          "attributes": {
            "arn": "arn:aws:ec2:eu-west-2:243218137774:vpc/vpc-0843ae4fac1c75319",
            "assign_generated_ipv6_cidr_block": false,
            "cidr_block": "10.0.0.0/16",
            "default_network_acl_id": "acl-0301d956d4b8a5993",
            "default_route_table_id": "rtb-05a151244cd18b4cb",
            "default_security_group_id": "sg-09605a7e172f5eeae",
            "dhcp_options_id": "dopt-049e336c",
            "enable_classiclink": null,
            "enable_classiclink_dns_support": null,
            "enable_dns_hostnames": true,
            "enable_dns_support": true,
            "id": "vpc-0843ae4fac1c75319",
            "instance_tenancy": "default",
            "ipv6_association_id": "",
            "ipv6_cidr_block": "",
            "main_route_table_id": "rtb-05a151244cd18b4cb",
            "owner_id": "243218137774",
            "tags": {
              "Name": "james-prod-vpc"
            },
            "tags_all": {
              "Name": "james-prod-vpc"
            }
          },
          "sensitive_attributes": [],
          "private": "eyJzY2hlbWFfdmVyc2lvbiI6IjEifQ=="
        }
      ]
    },
    {
      "module": "module.vpc",
      "mode": "managed",
      "type": "tls_private_key",
      "name": "web-prod",
      "provider": "provider[\"registry.terraform.io/hashicorp/tls\"]",
      "instances": [
        {
          "schema_version": 0,
          "attributes": {
            "algorithm": "RSA",
            "ecdsa_curve": "P224",
            "id": "407484dd5f99bbdea46dcfe36bf47a9b6dafc69d",
            "private_key_pem": "-----BEGIN RSA PRIVATE KEY-----\nMIIJKAIBAAKCAgEAzBeROJieEvZmjUCuZrJvBgaKh21r2L0i4q8JGa8xCDi9bu+7\nNFkrSf3I3XRHt2kibAvowLj5IJjzkXD6hpwe4OWWQ/ogGp8IgCVShIY/FTNZc3uv\nmebVSjUXRZbLK1eENF5tkYmNgOEbnSgsox981XuwGyWIxzYe1JNh6CrJuLVSpAfU\nIjo3hHiuW59ZnGKmypTHapafVlCPeWwzg8K2BetRaAHpwW5ba12t2+vwT1+eT6of\npV25lbsIB9xL342mNF7hs5NapKw14sjmBRdNkU9zKB86gHQNMJ6Oo7utpGeBsSpV\nUwnCoRunEmzpXfjwMzIeUA2qeONZDMOCHa47pm+q/jTbq2VtM2s+CiV9j6TH37WK\nmCy3103jK6LfOefZtFShxB6dgN+BHVRjhhJqgqnW5s0PgSeh9izWcWi8vwKMtwcU\njLCIICSarmOUI54h3JpRjjXKKFbGo/vWmiV0QLlAK0+eCHSskKfGitXivVPu+5IV\nK/tZcuN5OCKqEeFid0SbmK9zqAs2MUwPOlDzq9FBXo8cSIsabWpEQRojor8/0JZf\n6elVuOSlQi7YOneGndWp590UPW2Pyv+y9GM+Qf619Xkp7Bsp0LT9J8VeEFgq08oV\nrAzZ4tgPhbDpP7qV1fmJ1hjfTzp4Ili5XwsKB/memMuvTaSR9aWCVSEvBQ0CAwEA\nAQKCAgArlezhlVZM3mpQSDv2mqyzMLps6aVaiCnnF1JuNcfW5acvBeuI5nIkPxqi\nkK6wMLe1M2Xlopsxpvh9Ww9lp/nANce9hLFOfiAmndHdk33tXSYBT6zUxUNPsb7i\nka2Z9/q35GKp7iJWH7zx9x5xR8w1G1EkuwNW5+v1ofQKzPh/hdm8Rh+7n4szs0Ip\nNwLALyFHqjZcQQaOPG4nlD/8J50P7o1YFPCC6rqDV2JF0UFk8hqxELfpbPaxT1wL\nsbRSbcHM9WZmH1YATPbFE/pro+pg2gLR0rl/rUkT1QjJVs9iiOhdmZjXPwJdvbYU\nbUX5V6yUgmOO3RxG7OabnzUueYMrSpROzIOTYA9e+Fbh6dSfwwBfZaO9zPIO5cuU\nY30rvmjt0M9IFdrX5pMD6xYGTOkxI9OY9yiOE0bseN7l5c0qw21h65ont/mGAkHA\n2R+ojDhhX4G0KX+TDaREBCXEttdCVh7uY/Z1iqrlOQdZ546xFjBrmg17HlzP6g+r\nMtamgU1RHYA5RK1NcUhiGXh5ADqLBQjhLa5HOeTKGA2/NiOP2u7eIUdJi6gFienj\n/0CCEnfrMro8osulFMzpAXC9dGjyOLX528k+6xHQIjLtidpwLw7NdxJHhB4GnzHw\njqFWfi2YsnTzxr48WYwgNGXRsYzWCT3858JD6DNgHhdygEHQgQKCAQEA5KRILNgi\nUaupbAX2vXoGz15fzARif7g1Fj+FjGjc4JgKj23EruBd2EcNw03C9S64IhB2dLYs\nr1DE8Rpat39IW2nDhgBd2FL5LhpJiZvtLHvE7BEvJHPxI/fI4dmMyOInfNTkvd7i\nTYwTo/edlvzgXnE/sZd/U2VYpaN1N++qPhZTvMxdZehbtucwchS7qS3BzP3QbWJx\nZZTTKaHlmv1GCcpn6BBpBl5xOktqRkt6IojsY/4jVZh91C5vxt6nh8ATTBIxFvJb\nvlF/TWU777oBl5A/ofxLACAfwTOqNk39BBnRIYJTNU8tnf/At+0EE8zs/qQd1FDl\nRTcIQQ5qD0ExNQKCAQEA5INIou5kpfXLtAvFQR4QVvuQVlWjoNsguFy2kQ5pZpOa\nOlF3Z32r9wEYA+qkspHwxsFzAHOSvESc3GnywZKdo2cKwJVnEYuYcaP3yOnE0qWf\n1yq4j8TBh2XV5jqj6+YkZ6K5dOeUwX6UNYyWM2Z5JcBtLj6DP4zTqLwhi4IeCTfB\nSw8gRfw5Z+IS45bM7YGqhKsKnBDQxzaouTYD6/eAOISuQchkOchcMGW78F580hCJ\n9doE0kBqNXmv1FfxKYPElH4dLBeddAZHhv9z56O6S0SHUZZxGhYeJ+VMzJaheAA/\nFMxap4gsTA34HcxRLGHqEaik2292Ak3TPwA8SYcXeQKCAQBUxBdCEOtATh0kwF1G\nx/vIW5u2fpWp9jgwRGKVuLbSyWt422BE2UfRjB4tHyI9VhHMB0BzaqrMYGxzWqrx\nRs4jneVwQ6iHL9PT5MkIrHdUu5o5TvGkWRu4kv+1w7rvKvEq1Z7sSbqqt1j8vCt/\ns8bXHLNZeuool/Uyi5REpaT/GbX30+h4hJmkCLgsQ0WDpkQoZJ0mQI379B4JXE1M\nlcOmk5TMM3FMfC0MSLNg1lC0hwDk3W5qKHvV81VbbGa97Fb7J+9tK3MZ7wr8PaDn\n8pTuhPsiae/AXyiGr0nWkjlQkOW4v6FrrSwjXJMtXUDaumnOyjeI5GjrrUhxHg/y\nEeBVAoIBAGse5/QJEQGDgeR7CBMIhtxfvT/bkYMcdfA29hZ1zQ8a7lecTP8kuHJn\n/twHKQHUzCxADysNAqJi/62LtRLtKhypdy7kWpas+9953/Q9MdkVbyKskixDLf3M\nzULKBoHVNwemDo4w6Vjzf4LCzr51sSDzXbsp7tjhqW8WEhuV+YKUsnX/Nz/Xhwmd\nvwEVdid4e3kJvUV/1H8urlV0bs41DdRwzkdkKyezNxQw/LMneBf5TNMFSvFM5P0A\neF5wg0rUzFhX7lD3GQaE0w8DvU+/Ptt92nlyrr5t0+Eb6q6Vhkf8xZV4Xp7ehPV6\nLu+5EexeUh3JEs8TJxzZYsfL0ncdbvECggEBALcmKeWLoW+2rYcfUiNc/K7wfePs\nKX9BxCCMqngqRwjqUkcoYs5GJQd0O13lWU3Mz2ciHk7xdRQexKPONleAXM9DWQSR\nQ1XwSnou8n3VfM/OjX2YgkLZEgXXPkUMbWhm96yAkSilmFbDbvkmN9XXyzUVkhZQ\noMjLmotSHc4gtAfx/EwvO1dAdWsf7twZE2W7WtpvcGxacxEdoeIdRBKwGfN/G1YA\n/OAPEliXdknafMiGFdSZRno3rZ9OZcpavujl5757i6/UEOgZHrL3h25mYexIVjwM\n43Ox0jz4MjMAdRshZlC0TTNCEngetsCn6nCYjDBWDGedBQ84AgUrYQHxUtw=\n-----END RSA PRIVATE KEY-----\n",
            "public_key_fingerprint_md5": "df:8b:ab:ab:5f:a2:f6:02:6f:b6:21:0f:4c:6f:ee:ab",
            "public_key_openssh": "ssh-rsa AAAAB3NzaC1yc2EAAAADAQABAAACAQDMF5E4mJ4S9maNQK5msm8GBoqHbWvYvSLirwkZrzEIOL1u77s0WStJ/cjddEe3aSJsC+jAuPkgmPORcPqGnB7g5ZZD+iAanwiAJVKEhj8VM1lze6+Z5tVKNRdFlssrV4Q0Xm2RiY2A4RudKCyjH3zVe7AbJYjHNh7Uk2HoKsm4tVKkB9QiOjeEeK5bn1mcYqbKlMdqlp9WUI95bDODwrYF61FoAenBbltrXa3b6/BPX55Pqh+lXbmVuwgH3EvfjaY0XuGzk1qkrDXiyOYFF02RT3MoHzqAdA0wno6ju62kZ4GxKlVTCcKhG6cSbOld+PAzMh5QDap441kMw4Idrjumb6r+NNurZW0zaz4KJX2PpMfftYqYLLfXTeMrot8559m0VKHEHp2A34EdVGOGEmqCqdbmzQ+BJ6H2LNZxaLy/Aoy3BxSMsIggJJquY5QjniHcmlGONcooVsaj+9aaJXRAuUArT54IdKyQp8aK1eK9U+77khUr+1ly43k4IqoR4WJ3RJuYr3OoCzYxTA86UPOr0UFejxxIixptakRBGiOivz/Qll/p6VW45KVCLtg6d4ad1ann3RQ9bY/K/7L0Yz5B/rX1eSnsGynQtP0nxV4QWCrTyhWsDNni2A+FsOk/upXV+YnWGN9POngiWLlfCwoH+Z6Yy69NpJH1pYJVIS8FDQ==\n",
            "public_key_pem": "-----BEGIN PUBLIC KEY-----\nMIICIjANBgkqhkiG9w0BAQEFAAOCAg8AMIICCgKCAgEAzBeROJieEvZmjUCuZrJv\nBgaKh21r2L0i4q8JGa8xCDi9bu+7NFkrSf3I3XRHt2kibAvowLj5IJjzkXD6hpwe\n4OWWQ/ogGp8IgCVShIY/FTNZc3uvmebVSjUXRZbLK1eENF5tkYmNgOEbnSgsox98\n1XuwGyWIxzYe1JNh6CrJuLVSpAfUIjo3hHiuW59ZnGKmypTHapafVlCPeWwzg8K2\nBetRaAHpwW5ba12t2+vwT1+eT6ofpV25lbsIB9xL342mNF7hs5NapKw14sjmBRdN\nkU9zKB86gHQNMJ6Oo7utpGeBsSpVUwnCoRunEmzpXfjwMzIeUA2qeONZDMOCHa47\npm+q/jTbq2VtM2s+CiV9j6TH37WKmCy3103jK6LfOefZtFShxB6dgN+BHVRjhhJq\ngqnW5s0PgSeh9izWcWi8vwKMtwcUjLCIICSarmOUI54h3JpRjjXKKFbGo/vWmiV0\nQLlAK0+eCHSskKfGitXivVPu+5IVK/tZcuN5OCKqEeFid0SbmK9zqAs2MUwPOlDz\nq9FBXo8cSIsabWpEQRojor8/0JZf6elVuOSlQi7YOneGndWp590UPW2Pyv+y9GM+\nQf619Xkp7Bsp0LT9J8VeEFgq08oVrAzZ4tgPhbDpP7qV1fmJ1hjfTzp4Ili5XwsK\nB/memMuvTaSR9aWCVSEvBQ0CAwEAAQ==\n-----END PUBLIC KEY-----\n",
            "rsa_bits": 4096
          },
          "sensitive_attributes": [],
          "private": "bnVsbA=="
        }
      ]
    }
  ]
}
